{
  "originHash" : "4106d8538067daa9d0c2d5fd9e6947b37eaaf975292d75cd0fc3ff39d862d113",
  "pins" : [
    {
      "identity" : "alamofire",
      "kind" : "remoteSourceControl",
      "location" : "https://github.com/Alamofire/Alamofire.git",
      "state" : {
        "revision" : "513364f870f6bfc468f9d2ff0a95caccc10044c5",
        "version" : "5.10.2"
      }
    },
    {
      "identity" : "kingfisher",
      "kind" : "remoteSourceControl",
      "location" : "https://github.com/onevcat/Kingfisher.git",
      "state" : {
        "revision" : "4d75de347da985a70c63af4d799ed482021f6733",
        "version" : "8.6.1"
      }
    }
  ],
  "version" : 3
}
